// !$*UTF8*$!
{
	archiveVersion = 1;
	classes = {
	};
	objectVersion = 77;
	objects = {

/* Begin PBXContainerItemProxy section */
		2C57CF792D8079A70076A2FD /* PBXContainerItemProxy */ = {
			isa = PBXContainerItemProxy;
			containerPortal = 2C57CF5B2D8079A60076A2FD /* Project object */;
			proxyType = 1;
			remoteGlobalIDString = 2C57CF622D8079A60076A2FD;
			remoteInfo = FinancialTracker;
		};
		2C57CF832D8079A70076A2FD /* PBXContainerItemProxy */ = {
			isa = PBXContainerItemProxy;
			containerPortal = 2C57CF5B2D8079A60076A2FD /* Project object */;
			proxyType = 1;
			remoteGlobalIDString = 2C57CF622D8079A60076A2FD;
			remoteInfo = FinancialTracker;
		};
/* End PBXContainerItemProxy section */

/* Begin PBXFileReference section */
		2C57CF632D8079A60076A2FD /* FinancialTracker.app */ = {isa = PBXFileReference; explicitFileType = wrapper.application; includeInIndex = 0; path = FinancialTracker.app; sourceTree = BUILT_PRODUCTS_DIR; };
		2C57CF782D8079A70076A2FD /* FinancialTrackerTests.xctest */ = {isa = PBXFileReference; explicitFileType = wrapper.cfbundle; includeInIndex = 0; path = FinancialTrackerTests.xctest; sourceTree = BUILT_PRODUCTS_DIR; };
		2C57CF822D8079A70076A2FD /* FinancialTrackerUITests.xctest */ = {isa = PBXFileReference; explicitFileType = wrapper.cfbundle; includeInIndex = 0; path = FinancialTrackerUITests.xctest; sourceTree = BUILT_PRODUCTS_DIR; };
/* End PBXFileReference section */

/* Begin PBXFileSystemSynchronizedRootGroup section */
		2C57CF652D8079A60076A2FD /* FinancialTracker */ = {
			isa = PBXFileSystemSynchronizedRootGroup;
			path = FinancialTracker;
			sourceTree = "<group>";
		};
		2C57CF7B2D8079A70076A2FD /* FinancialTrackerTests */ = {
			isa = PBXFileSystemSynchronizedRootGroup;
			path = FinancialTrackerTests;
			sourceTree = "<group>";
		};
		2C57CF852D8079A70076A2FD /* FinancialTrackerUITests */ = {
			isa = PBXFileSystemSynchronizedRootGroup;
			path = FinancialTrackerUITests;
			sourceTree = "<group>";
		};
/* End PBXFileSystemSynchronizedRootGroup section */

/* Begin PBXFrameworksBuildPhase section */
		2C57CF602D8079A60076A2FD /* Frameworks */ = {
			isa = PBXFrameworksBuildPhase;
			buildActionMask = 2147483647;
			files = (
			);
			runOnlyForDeploymentPostprocessing = 0;
		};
		2C57CF752D8079A70076A2FD /* Frameworks */ = {
			isa = PBXFrameworksBuildPhase;
			buildActionMask = 2147483647;
			files = (
			);
			runOnlyForDeploymentPostprocessing = 0;
		};
		2C57CF7F2D8079A70076A2FD /* Frameworks */ = {
			isa = PBXFrameworksBuildPhase;
			buildActionMask = 2147483647;
			files = (
			);
			runOnlyForDeploymentPostprocessing = 0;
		};
/* End PBXFrameworksBuildPhase section */

/* Begin PBXGroup section */
		2C57CF5A2D8079A60076A2FD = {
			isa = PBXGroup;
			children = (
				2C57CF652D8079A60076A2FD /* FinancialTracker */,
				2C57CF7B2D8079A70076A2FD /* FinancialTrackerTests */,
				2C57CF852D8079A70076A2FD /* FinancialTrackerUITests */,
				2C57CF642D8079A60076A2FD /* Products */,
			);
			sourceTree = "<group>";
		};
		2C57CF642D8079A60076A2FD /* Products */ = {
			isa = PBXGroup;
			children = (
				2C57CF632D8079A60076A2FD /* FinancialTracker.app */,
				2C57CF782D8079A70076A2FD /* FinancialTrackerTests.xctest */,
				2C57CF822D8079A70076A2FD /* FinancialTrackerUITests.xctest */,
			);
			name = Products;
			sourceTree = "<group>";
		};
/* End PBXGroup section */

/* Begin PBXNativeTarget section */
		2C57CF622D8079A60076A2FD /* FinancialTracker */ = {
			isa = PBXNativeTarget;
			buildConfigurationList = 2C57CF8C2D8079A70076A2FD /* Build configuration list for PBXNativeTarget "FinancialTracker" */;
			buildPhases = (
				2C57CF5F2D8079A60076A2FD /* Sources */,
				2C57CF602D8079A60076A2FD /* Frameworks */,
				2C57CF612D8079A60076A2FD /* Resources */,
			);
			buildRules = (
			);
			dependencies = (
			);
			fileSystemSynchronizedGroups = (
				2C57CF652D8079A60076A2FD /* FinancialTracker */,
			);
			name = FinancialTracker;
			packageProductDependencies = (
			);
			productName = FinancialTracker;
			productReference = 2C57CF632D8079A60076A2FD /* FinancialTracker.app */;
			productType = "com.apple.product-type.application";
		};
		2C57CF772D8079A70076A2FD /* FinancialTrackerTests */ = {
			isa = PBXNativeTarget;
			buildConfigurationList = 2C57CF8F2D8079A70076A2FD /* Build configuration list for PBXNativeTarget "FinancialTrackerTests" */;
			buildPhases = (
				2C57CF742D8079A70076A2FD /* Sources */,
				2C57CF752D8079A70076A2FD /* Frameworks */,
				2C57CF762D8079A70076A2FD /* Resources */,
			);
			buildRules = (
			);
			dependencies = (
				2C57CF7A2D8079A70076A2FD /* PBXTargetDependency */,
			);
			fileSystemSynchronizedGroups = (
				2C57CF7B2D8079A70076A2FD /* FinancialTrackerTests */,
			);
			name = FinancialTrackerTests;
			packageProductDependencies = (
			);
			productName = FinancialTrackerTests;
			productReference = 2C57CF782D8079A70076A2FD /* FinancialTrackerTests.xctest */;
			productType = "com.apple.product-type.bundle.unit-test";
		};
		2C57CF812D8079A70076A2FD /* FinancialTrackerUITests */ = {
			isa = PBXNativeTarget;
			buildConfigurationList = 2C57CF922D8079A70076A2FD /* Build configuration list for PBXNativeTarget "FinancialTrackerUITests" */;
			buildPhases = (
				2C57CF7E2D8079A70076A2FD /* Sources */,
				2C57CF7F2D8079A70076A2FD /* Frameworks */,
				2C57CF802D8079A70076A2FD /* Resources */,
			);
			buildRules = (
			);
			dependencies = (
				2C57CF842D8079A70076A2FD /* PBXTargetDependency */,
			);
			fileSystemSynchronizedGroups = (
				2C57CF852D8079A70076A2FD /* FinancialTrackerUITests */,
			);
			name = FinancialTrackerUITests;
			packageProductDependencies = (
			);
			productName = FinancialTrackerUITests;
			productReference = 2C57CF822D8079A70076A2FD /* FinancialTrackerUITests.xctest */;
			productType = "com.apple.product-type.bundle.ui-testing";
		};
/* End PBXNativeTarget section */

/* Begin PBXProject section */
		2C57CF5B2D8079A60076A2FD /* Project object */ = {
			isa = PBXProject;
			attributes = {
				BuildIndependentTargetsInParallel = 1;
				LastSwiftUpdateCheck = 1620;
				LastUpgradeCheck = 1620;
				TargetAttributes = {
					2C57CF622D8079A60076A2FD = {
						CreatedOnToolsVersion = 16.2;
					};
					2C57CF772D8079A70076A2FD = {
						CreatedOnToolsVersion = 16.2;
						TestTargetID = 2C57CF622D8079A60076A2FD;
					};
					2C57CF812D8079A70076A2FD = {
						CreatedOnToolsVersion = 16.2;
						TestTargetID = 2C57CF622D8079A60076A2FD;
					};
				};
			};
			buildConfigurationList = 2C57CF5E2D8079A60076A2FD /* Build configuration list for PBXProject "FinancialTracker" */;
			developmentRegion = en;
			hasScannedForEncodings = 0;
			knownRegions = (
				en,
				Base,
			);
			mainGroup = 2C57CF5A2D8079A60076A2FD;
			minimizedProjectReferenceProxies = 1;
			preferredProjectObjectVersion = 77;
			productRefGroup = 2C57CF642D8079A60076A2FD /* Products */;
			projectDirPath = "";
			projectRoot = "";
			targets = (
				2C57CF622D8079A60076A2FD /* FinancialTracker */,
				2C57CF772D8079A70076A2FD /* FinancialTrackerTests */,
				2C57CF812D8079A70076A2FD /* FinancialTrackerUITests */,
			);
		};
/* End PBXProject section */

/* Begin PBXResourcesBuildPhase section */
		2C57CF612D8079A60076A2FD /* Resources */ = {
			isa = PBXResourcesBuildPhase;
			buildActionMask = 2147483647;
			files = (
			);
			runOnlyForDeploymentPostprocessing = 0;
		};
		2C57CF762D8079A70076A2FD /* Resources */ = {
			isa = PBXResourcesBuildPhase;
			buildActionMask = 2147483647;
			files = (
			);
			runOnlyForDeploymentPostprocessing = 0;
		};
		2C57CF802D8079A70076A2FD /* Resources */ = {
			isa = PBXResourcesBuildPhase;
			buildActionMask = 2147483647;
			files = (
			);
			runOnlyForDeploymentPostprocessing = 0;
		};
/* End PBXResourcesBuildPhase section */

/* Begin PBXSourcesBuildPhase section */
		2C57CF5F2D8079A60076A2FD /* Sources */ = {
			isa = PBXSourcesBuildPhase;
			buildActionMask = 2147483647;
			files = (
			);
			runOnlyForDeploymentPostprocessing = 0;
		};
		2C57CF742D8079A70076A2FD /* Sources */ = {
			isa = PBXSourcesBuildPhase;
			buildActionMask = 2147483647;
			files = (
			);
			runOnlyForDeploymentPostprocessing = 0;
		};
		2C57CF7E2D8079A70076A2FD /* Sources */ = {
			isa = PBXSourcesBuildPhase;
			buildActionMask = 2147483647;
			files = (
			);
			runOnlyForDeploymentPostprocessing = 0;
		};
/* End PBXSourcesBuildPhase section */

/* Begin PBXTargetDependency section */
		2C57CF7A2D8079A70076A2FD /* PBXTargetDependency */ = {
			isa = PBXTargetDependency;
			target = 2C57CF622D8079A60076A2FD /* FinancialTracker */;
			targetProxy = 2C57CF792D8079A70076A2FD /* PBXContainerItemProxy */;
		};
		2C57CF842D8079A70076A2FD /* PBXTargetDependency */ = {
			isa = PBXTargetDependency;
			target = 2C57CF622D8079A60076A2FD /* FinancialTracker */;
			targetProxy = 2C57CF832D8079A70076A2FD /* PBXContainerItemProxy */;
		};
/* End PBXTargetDependency section */

/* Begin XCBuildConfiguration section */
		2C57CF8A2D8079A70076A2FD /* Debug */ = {
			isa = XCBuildConfiguration;
			buildSettings = {
				ALWAYS_SEARCH_USER_PATHS = NO;
				ASSETCATALOG_COMPILER_GENERATE_SWIFT_ASSET_SYMBOL_EXTENSIONS = YES;
				CLANG_ANALYZER_NONNULL = YES;
				CLANG_ANALYZER_NUMBER_OBJECT_CONVERSION = YES_AGGRESSIVE;
				CLANG_CXX_LANGUAGE_STANDARD = "gnu++20";
				CLANG_ENABLE_MODULES = YES;
				CLANG_ENABLE_OBJC_ARC = YES;
				CLANG_ENABLE_OBJC_WEAK = YES;
				CLANG_WARN_BLOCK_CAPTURE_AUTORELEASING = YES;
				CLANG_WARN_BOOL_CONVERSION = YES;
				CLANG_WARN_COMMA = YES;
				CLANG_WARN_CONSTANT_CONVERSION = YES;
				CLANG_WARN_DEPRECATED_OBJC_IMPLEMENTATIONS = YES;
				CLANG_WARN_DIRECT_OBJC_ISA_USAGE = YES_ERROR;
				CLANG_WARN_DOCUMENTATION_COMMENTS = YES;
				CLANG_WARN_EMPTY_BODY = YES;
				CLANG_WARN_ENUM_CONVERSION = YES;
				CLANG_WARN_INFINITE_RECURSION = YES;
				CLANG_WARN_INT_CONVERSION = YES;
				CLANG_WARN_NON_LITERAL_NULL_CONVERSION = YES;
				CLANG_WARN_OBJC_IMPLICIT_RETAIN_SELF = YES;
				CLANG_WARN_OBJC_LITERAL_CONVERSION = YES;
				CLANG_WARN_OBJC_ROOT_CLASS = YES_ERROR;
				CLANG_WARN_QUOTED_INCLUDE_IN_FRAMEWORK_HEADER = YES;
				CLANG_WARN_RANGE_LOOP_ANALYSIS = YES;
				CLANG_WARN_STRICT_PROTOTYPES = YES;
				CLANG_WARN_SUSPICIOUS_MOVE = YES;
				CLANG_WARN_UNGUARDED_AVAILABILITY = YES_AGGRESSIVE;
				CLANG_WARN_UNREACHABLE_CODE = YES;
				CLANG_WARN__DUPLICATE_METHOD_MATCH = YES;
				COPY_PHASE_STRIP = NO;
				DEBUG_INFORMATION_FORMAT = dwarf;
				ENABLE_STRICT_OBJC_MSGSEND = YES;
				ENABLE_TESTABILITY = YES;
				ENABLE_USER_SCRIPT_SANDBOXING = YES;
				GCC_C_LANGUAGE_STANDARD = gnu17;
				GCC_DYNAMIC_NO_PIC = NO;
				GCC_NO_COMMON_BLOCKS = YES;
				GCC_OPTIMIZATION_LEVEL = 0;
				GCC_PREPROCESSOR_DEFINITIONS = (
					"DEBUG=1",
					"$(inherited)",
				);
				GCC_WARN_64_TO_32_BIT_CONVERSION = YES;
				GCC_WARN_ABOUT_RETURN_TYPE = YES_ERROR;
				GCC_WARN_UNDECLARED_SELECTOR = YES;
				GCC_WARN_UNINITIALIZED_AUTOS = YES_AGGRESSIVE;
				GCC_WARN_UNUSED_FUNCTION = YES;
				GCC_WARN_UNUSED_VARIABLE = YES;
				IPHONEOS_DEPLOYMENT_TARGET = 18.2;
				LOCALIZATION_PREFERS_STRING_CATALOGS = YES;
				MTL_ENABLE_DEBUG_INFO = INCLUDE_SOURCE;
				MTL_FAST_MATH = YES;
				ONLY_ACTIVE_ARCH = YES;
				SDKROOT = iphoneos;
				SWIFT_ACTIVE_COMPILATION_CONDITIONS = "DEBUG $(inherited)";
				SWIFT_OPTIMIZATION_LEVEL = "-Onone";
			};
			name = Debug;
		};
		2C57CF8B2D8079A70076A2FD /* Release */ = {
			isa = XCBuildConfiguration;
			buildSettings = {
				ALWAYS_SEARCH_USER_PATHS = NO;
				ASSETCATALOG_COMPILER_GENERATE_SWIFT_ASSET_SYMBOL_EXTENSIONS = YES;
				CLANG_ANALYZER_NONNULL = YES;
				CLANG_ANALYZER_NUMBER_OBJECT_CONVERSION = YES_AGGRESSIVE;
				CLANG_CXX_LANGUAGE_STANDARD = "gnu++20";
				CLANG_ENABLE_MODULES = YES;
				CLANG_ENABLE_OBJC_ARC = YES;
				CLANG_ENABLE_OBJC_WEAK = YES;
				CLANG_WARN_BLOCK_CAPTURE_AUTORELEASING = YES;
				CLANG_WARN_BOOL_CONVERSION = YES;
				CLANG_WARN_COMMA = YES;
				CLANG_WARN_CONSTANT_CONVERSION = YES;
				CLANG_WARN_DEPRECATED_OBJC_IMPLEMENTATIONS = YES;
				CLANG_WARN_DIRECT_OBJC_ISA_USAGE = YES_ERROR;
				CLANG_WARN_DOCUMENTATION_COMMENTS = YES;
				CLANG_WARN_EMPTY_BODY = YES;
				CLANG_WARN_ENUM_CONVERSION = YES;
				CLANG_WARN_INFINITE_RECURSION = YES;
				CLANG_WARN_INT_CONVERSION = YES;
				CLANG_WARN_NON_LITERAL_NULL_CONVERSION = YES;
				CLANG_WARN_OBJC_IMPLICIT_RETAIN_SELF = YES;
				CLANG_WARN_OBJC_LITERAL_CONVERSION = YES;
				CLANG_WARN_OBJC_ROOT_CLASS = YES_ERROR;
				CLANG_WARN_QUOTED_INCLUDE_IN_FRAMEWORK_HEADER = YES;
				CLANG_WARN_RANGE_LOOP_ANALYSIS = YES;
				CLANG_WARN_STRICT_PROTOTYPES = YES;
				CLANG_WARN_SUSPICIOUS_MOVE = YES;
				CLANG_WARN_UNGUARDED_AVAILABILITY = YES_AGGRESSIVE;
				CLANG_WARN_UNREACHABLE_CODE = YES;
				CLANG_WARN__DUPLICATE_METHOD_MATCH = YES;
				COPY_PHASE_STRIP = NO;
				DEBUG_INFORMATION_FORMAT = "dwarf-with-dsym";
				ENABLE_NS_ASSERTIONS = NO;
				ENABLE_STRICT_OBJC_MSGSEND = YES;
				ENABLE_USER_SCRIPT_SANDBOXING = YES;
				GCC_C_LANGUAGE_STANDARD = gnu17;
				GCC_NO_COMMON_BLOCKS = YES;
				GCC_WARN_64_TO_32_BIT_CONVERSION = YES;
				GCC_WARN_ABOUT_RETURN_TYPE = YES_ERROR;
				GCC_WARN_UNDECLARED_SELECTOR = YES;
				GCC_WARN_UNINITIALIZED_AUTOS = YES_AGGRESSIVE;
				GCC_WARN_UNUSED_FUNCTION = YES;
				GCC_WARN_UNUSED_VARIABLE = YES;
				IPHONEOS_DEPLOYMENT_TARGET = 18.2;
				LOCALIZATION_PREFERS_STRING_CATALOGS = YES;
				MTL_ENABLE_DEBUG_INFO = NO;
				MTL_FAST_MATH = YES;
				SDKROOT = iphoneos;
				SWIFT_COMPILATION_MODE = wholemodule;
				VALIDATE_PRODUCT = YES;
			};
			name = Release;
		};
		2C57CF8D2D8079A70076A2FD /* Debug */ = {
			isa = XCBuildConfiguration;
			buildSettings = {
				ASSETCATALOG_COMPILER_APPICON_NAME = AppIcon;
				ASSETCATALOG_COMPILER_GLOBAL_ACCENT_COLOR_NAME = AccentColor;
				CODE_SIGN_STYLE = Automatic;
				CURRENT_PROJECT_VERSION = 1;
				DEVELOPMENT_ASSET_PATHS = "\"FinancialTracker/Preview Content\"";
				DEVELOPMENT_TEAM = F53W3K3ZVU;
				ENABLE_PREVIEWS = YES;
				GENERATE_INFOPLIST_FILE = YES;
				INFOPLIST_KEY_UIApplicationSceneManifest_Generation = YES;
				INFOPLIST_KEY_UIApplicationSupportsIndirectInputEvents = YES;
				INFOPLIST_KEY_UILaunchScreen_Generation = YES;
				INFOPLIST_KEY_UISupportedInterfaceOrientations_iPad = "UIInterfaceOrientationPortrait UIInterfaceOrientationPortraitUpsideDown UIInterfaceOrientationLandscapeLeft UIInterfaceOrientationLandscapeRight";
				INFOPLIST_KEY_UISupportedInterfaceOrientations_iPhone = "UIInterfaceOrientationPortrait UIInterfaceOrientationLandscapeLeft UIInterfaceOrientationLandscapeRight";
				LD_RUNPATH_SEARCH_PATHS = (
					"$(inherited)",
					"@executable_path/Frameworks",
				);
				MARKETING_VERSION = 1.0;
				PRODUCT_BUNDLE_IDENTIFIER = shakewingo.FinancialTracker;
				PRODUCT_NAME = "$(TARGET_NAME)";
				SWIFT_EMIT_LOC_STRINGS = YES;
				SWIFT_VERSION = 5.0;
				TARGETED_DEVICE_FAMILY = "1,2";
			};
			name = Debug;
		};
		2C57CF8E2D8079A70076A2FD /* Release */ = {
			isa = XCBuildConfiguration;
			buildSettings = {
				ASSETCATALOG_COMPILER_APPICON_NAME = AppIcon;
				ASSETCATALOG_COMPILER_GLOBAL_ACCENT_COLOR_NAME = AccentColor;
				CODE_SIGN_STYLE = Automatic;
				CURRENT_PROJECT_VERSION = 1;
				DEVELOPMENT_ASSET_PATHS = "\"FinancialTracker/Preview Content\"";
				DEVELOPMENT_TEAM = F53W3K3ZVU;
				ENABLE_PREVIEWS = YES;
				GENERATE_INFOPLIST_FILE = YES;
				INFOPLIST_KEY_UIApplicationSceneManifest_Generation = YES;
				INFOPLIST_KEY_UIApplicationSupportsIndirectInputEvents = YES;
				INFOPLIST_KEY_UILaunchScreen_Generation = YES;
				INFOPLIST_KEY_UISupportedInterfaceOrientations_iPad = "UIInterfaceOrientationPortrait UIInterfaceOrientationPortraitUpsideDown UIInterfaceOrientationLandscapeLeft UIInterfaceOrientationLandscapeRight";
				INFOPLIST_KEY_UISupportedInterfaceOrientations_iPhone = "UIInterfaceOrientationPortrait UIInterfaceOrientationLandscapeLeft UIInterfaceOrientationLandscapeRight";
				LD_RUNPATH_SEARCH_PATHS = (
					"$(inherited)",
					"@executable_path/Frameworks",
				);
				MARKETING_VERSION = 1.0;
				PRODUCT_BUNDLE_IDENTIFIER = shakewingo.FinancialTracker;
				PRODUCT_NAME = "$(TARGET_NAME)";
				SWIFT_EMIT_LOC_STRINGS = YES;
				SWIFT_VERSION = 5.0;
				TARGETED_DEVICE_FAMILY = "1,2";
			};
			name = Release;
		};
		2C57CF902D8079A70076A2FD /* Debug */ = {
			isa = XCBuildConfiguration;
			buildSettings = {
				BUNDLE_LOADER = "$(TEST_HOST)";
				CODE_SIGN_STYLE = Automatic;
				CURRENT_PROJECT_VERSION = 1;
				DEVELOPMENT_TEAM = F53W3K3ZVU;
				GENERATE_INFOPLIST_FILE = YES;
				IPHONEOS_DEPLOYMENT_TARGET = 18.2;
				MARKETING_VERSION = 1.0;
				PRODUCT_BUNDLE_IDENTIFIER = shakewingo.FinancialTrackerTests;
				PRODUCT_NAME = "$(TARGET_NAME)";
				SWIFT_EMIT_LOC_STRINGS = NO;
				SWIFT_VERSION = 5.0;
				TARGETED_DEVICE_FAMILY = "1,2";
				TEST_HOST = "$(BUILT_PRODUCTS_DIR)/FinancialTracker.app/$(BUNDLE_EXECUTABLE_FOLDER_PATH)/FinancialTracker";
			};
			name = Debug;
		};
		2C57CF912D8079A70076A2FD /* Release */ = {
			isa = XCBuildConfiguration;
			buildSettings = {
				BUNDLE_LOADER = "$(TEST_HOST)";
				CODE_SIGN_STYLE = Automatic;
				CURRENT_PROJECT_VERSION = 1;
				DEVELOPMENT_TEAM = F53W3K3ZVU;
				GENERATE_INFOPLIST_FILE = YES;
				IPHONEOS_DEPLOYMENT_TARGET = 18.2;
				MARKETING_VERSION = 1.0;
				PRODUCT_BUNDLE_IDENTIFIER = shakewingo.FinancialTrackerTests;
				PRODUCT_NAME = "$(TARGET_NAME)";
				SWIFT_EMIT_LOC_STRINGS = NO;
				SWIFT_VERSION = 5.0;
				TARGETED_DEVICE_FAMILY = "1,2";
				TEST_HOST = "$(BUILT_PRODUCTS_DIR)/FinancialTracker.app/$(BUNDLE_EXECUTABLE_FOLDER_PATH)/FinancialTracker";
			};
			name = Release;
		};
		2C57CF932D8079A70076A2FD /* Debug */ = {
			isa = XCBuildConfiguration;
			buildSettings = {
				CODE_SIGN_STYLE = Automatic;
				CURRENT_PROJECT_VERSION = 1;
				DEVELOPMENT_TEAM = F53W3K3ZVU;
				GENERATE_INFOPLIST_FILE = YES;
				MARKETING_VERSION = 1.0;
				PRODUCT_BUNDLE_IDENTIFIER = shakewingo.FinancialTrackerUITests;
				PRODUCT_NAME = "$(TARGET_NAME)";
				SWIFT_EMIT_LOC_STRINGS = NO;
				SWIFT_VERSION = 5.0;
				TARGETED_DEVICE_FAMILY = "1,2";
				TEST_TARGET_NAME = FinancialTracker;
			};
			name = Debug;
		};
		2C57CF942D8079A70076A2FD /* Release */ = {
			isa = XCBuildConfiguration;
			buildSettings = {
				CODE_SIGN_STYLE = Automatic;
				CURRENT_PROJECT_VERSION = 1;
				DEVELOPMENT_TEAM = F53W3K3ZVU;
				GENERATE_INFOPLIST_FILE = YES;
				MARKETING_VERSION = 1.0;
				PRODUCT_BUNDLE_IDENTIFIER = shakewingo.FinancialTrackerUITests;
				PRODUCT_NAME = "$(TARGET_NAME)";
				SWIFT_EMIT_LOC_STRINGS = NO;
				SWIFT_VERSION = 5.0;
				TARGETED_DEVICE_FAMILY = "1,2";
				TEST_TARGET_NAME = FinancialTracker;
			};
			name = Release;
		};
/* End XCBuildConfiguration section */

/* Begin XCConfigurationList section */
		2C57CF5E2D8079A60076A2FD /* Build configuration list for PBXProject "FinancialTracker" */ = {
			isa = XCConfigurationList;
			buildConfigurations = (
				2C57CF8A2D8079A70076A2FD /* Debug */,
				2C57CF8B2D8079A70076A2FD /* Release */,
			);
			defaultConfigurationIsVisible = 0;
			defaultConfigurationName = Release;
		};
		2C57CF8C2D8079A70076A2FD /* Build configuration list for PBXNativeTarget "FinancialTracker" */ = {
			isa = XCConfigurationList;
			buildConfigurations = (
				2C57CF8D2D8079A70076A2FD /* Debug */,
				2C57CF8E2D8079A70076A2FD /* Release */,
			);
			defaultConfigurationIsVisible = 0;
			defaultConfigurationName = Release;
		};
		2C57CF8F2D8079A70076A2FD /* Build configuration list for PBXNativeTarget "FinancialTrackerTests" */ = {
			isa = XCConfigurationList;
			buildConfigurations = (
				2C57CF902D8079A70076A2FD /* Debug */,
				2C57CF912D8079A70076A2FD /* Release */,
			);
			defaultConfigurationIsVisible = 0;
			defaultConfigurationName = Release;
		};
		2C57CF922D8079A70076A2FD /* Build configuration list for PBXNativeTarget "FinancialTrackerUITests" */ = {
			isa = XCConfigurationList;
			buildConfigurations = (
				2C57CF932D8079A70076A2FD /* Debug */,
				2C57CF942D8079A70076A2FD /* Release */,
			);
			defaultConfigurationIsVisible = 0;
			defaultConfigurationName = Release;
		};
/* End XCConfigurationList section */
	};
	rootObject = 2C57CF5B2D8079A60076A2FD /* Project object */;
}
